
Microsoft Visual Studio Solution File, Format Version 12.00
# Visual Studio Version 16
VisualStudioVersion = 16.0.29025.244
MinimumVisualStudioVersion = 10.0.40219.1
Project("{FAE04EC0-301F-11D3-BF4B-00C04F79EFBC}") = "Revit.TestRunner", "Revit.TestRunner\Revit.TestRunner.csproj", "{57F89DD4-FB6A-44C2-BB8E-EEE35896F70A}"
EndProject
Project("{FAE04EC0-301F-11D3-BF4B-00C04F79EFBC}") = "Revit.TestRunner.SampleTestProject", "Revit.TestRunner.SampleTestProject\Revit.TestRunner.SampleTestProject.csproj", "{02702B89-16EA-4CC1-85F4-6CD7E2790DEC}"
EndProject
Project("{FAE04EC0-301F-11D3-BF4B-00C04F79EFBC}") = "Revit.TestRunner.Shared", "Revit.TestRunner.Shared\Revit.TestRunner.Shared.csproj", "{2545888F-1273-45C6-81FA-AA06DA6F8D11}"
EndProject
Global
	GlobalSection(SolutionConfigurationPlatforms) = preSolution
		Debug|Any CPU = Debug|Any CPU
		Debug|x64 = Debug|x64
		Debug2018|Any CPU = Debug2018|Any CPU
		Debug2018|x64 = Debug2018|x64
		Debug2019|Any CPU = Debug2019|Any CPU
		Debug2019|x64 = Debug2019|x64
		Debug2020|Any CPU = Debug2020|Any CPU
		Debug2020|x64 = Debug2020|x64
		Debug2021|Any CPU = Debug2021|Any CPU
		Debug2021|x64 = Debug2021|x64
		Release|Any CPU = Release|Any CPU
		Release|x64 = Release|x64
		Release2018|Any CPU = Release2018|Any CPU
		Release2018|x64 = Release2018|x64
		Release2019|Any CPU = Release2019|Any CPU
		Release2019|x64 = Release2019|x64
		Release2020|Any CPU = Release2020|Any CPU
		Release2020|x64 = Release2020|x64
		Release2021|Any CPU = Release2021|Any CPU
		Release2021|x64 = Release2021|x64
	EndGlobalSection
	GlobalSection(ProjectConfigurationPlatforms) = postSolution
		{57F89DD4-FB6A-44C2-BB8E-EEE35896F70A}.Debug|Any CPU.ActiveCfg = Release2021|x64
		{57F89DD4-FB6A-44C2-BB8E-EEE35896F70A}.Debug|Any CPU.Build.0 = Release2021|x64
		{57F89DD4-FB6A-44C2-BB8E-EEE35896F70A}.Debug|x64.ActiveCfg = Debug2021|x64
		{57F89DD4-FB6A-44C2-BB8E-EEE35896F70A}.Debug|x64.Build.0 = Debug2021|x64
		{57F89DD4-FB6A-44C2-BB8E-EEE35896F70A}.Debug2018|Any CPU.ActiveCfg = Debug2018|x64
		{57F89DD4-FB6A-44C2-BB8E-EEE35896F70A}.Debug2018|x64.ActiveCfg = Debug2018|x64
		{57F89DD4-FB6A-44C2-BB8E-EEE35896F70A}.Debug2018|x64.Build.0 = Debug2018|x64
		{57F89DD4-FB6A-44C2-BB8E-EEE35896F70A}.Debug2019|Any CPU.ActiveCfg = Debug2019|x64
		{57F89DD4-FB6A-44C2-BB8E-EEE35896F70A}.Debug2019|x64.ActiveCfg = Debug2019|x64
		{57F89DD4-FB6A-44C2-BB8E-EEE35896F70A}.Debug2019|x64.Build.0 = Debug2019|x64
		{57F89DD4-FB6A-44C2-BB8E-EEE35896F70A}.Debug2020|Any CPU.ActiveCfg = Debug2020|x64
		{57F89DD4-FB6A-44C2-BB8E-EEE35896F70A}.Debug2020|x64.ActiveCfg = Debug2020|x64
		{57F89DD4-FB6A-44C2-BB8E-EEE35896F70A}.Debug2020|x64.Build.0 = Debug2020|x64
		{57F89DD4-FB6A-44C2-BB8E-EEE35896F70A}.Debug2021|Any CPU.ActiveCfg = Debug2021|x64
		{57F89DD4-FB6A-44C2-BB8E-EEE35896F70A}.Debug2021|x64.ActiveCfg = Debug2021|x64
		{57F89DD4-FB6A-44C2-BB8E-EEE35896F70A}.Debug2021|x64.Build.0 = Debug2021|x64
		{57F89DD4-FB6A-44C2-BB8E-EEE35896F70A}.Release|Any CPU.ActiveCfg = Release2021|x64
		{57F89DD4-FB6A-44C2-BB8E-EEE35896F70A}.Release|Any CPU.Build.0 = Release2021|x64
		{57F89DD4-FB6A-44C2-BB8E-EEE35896F70A}.Release|x64.ActiveCfg = Release2021|x64
		{57F89DD4-FB6A-44C2-BB8E-EEE35896F70A}.Release|x64.Build.0 = Release2021|x64
		{57F89DD4-FB6A-44C2-BB8E-EEE35896F70A}.Release2018|Any CPU.ActiveCfg = Release2018|x64
		{57F89DD4-FB6A-44C2-BB8E-EEE35896F70A}.Release2018|x64.ActiveCfg = Release2018|x64
		{57F89DD4-FB6A-44C2-BB8E-EEE35896F70A}.Release2018|x64.Build.0 = Release2018|x64
		{57F89DD4-FB6A-44C2-BB8E-EEE35896F70A}.Release2019|Any CPU.ActiveCfg = Release2019|x64
		{57F89DD4-FB6A-44C2-BB8E-EEE35896F70A}.Release2019|x64.ActiveCfg = Release2019|x64
		{57F89DD4-FB6A-44C2-BB8E-EEE35896F70A}.Release2019|x64.Build.0 = Release2019|x64
		{57F89DD4-FB6A-44C2-BB8E-EEE35896F70A}.Release2020|Any CPU.ActiveCfg = Release2020|x64
		{57F89DD4-FB6A-44C2-BB8E-EEE35896F70A}.Release2020|x64.ActiveCfg = Release2020|x64
		{57F89DD4-FB6A-44C2-BB8E-EEE35896F70A}.Release2020|x64.Build.0 = Release2020|x64
		{57F89DD4-FB6A-44C2-BB8E-EEE35896F70A}.Release2021|Any CPU.ActiveCfg = Release2021|x64
		{57F89DD4-FB6A-44C2-BB8E-EEE35896F70A}.Release2021|x64.ActiveCfg = Release2021|x64
		{57F89DD4-FB6A-44C2-BB8E-EEE35896F70A}.Release2021|x64.Build.0 = Release2021|x64
		{02702B89-16EA-4CC1-85F4-6CD7E2790DEC}.Debug|Any CPU.ActiveCfg = Release2021|x64
		{02702B89-16EA-4CC1-85F4-6CD7E2790DEC}.Debug|Any CPU.Build.0 = Release2021|x64
		{02702B89-16EA-4CC1-85F4-6CD7E2790DEC}.Debug|x64.ActiveCfg = Debug2021|x64
		{02702B89-16EA-4CC1-85F4-6CD7E2790DEC}.Debug|x64.Build.0 = Debug2021|x64
		{02702B89-16EA-4CC1-85F4-6CD7E2790DEC}.Debug2018|Any CPU.ActiveCfg = Debug2018|x64
		{02702B89-16EA-4CC1-85F4-6CD7E2790DEC}.Debug2018|x64.ActiveCfg = Debug2018|x64
		{02702B89-16EA-4CC1-85F4-6CD7E2790DEC}.Debug2018|x64.Build.0 = Debug2018|x64
		{02702B89-16EA-4CC1-85F4-6CD7E2790DEC}.Debug2019|Any CPU.ActiveCfg = Debug2019|x64
		{02702B89-16EA-4CC1-85F4-6CD7E2790DEC}.Debug2019|x64.ActiveCfg = Debug2019|x64
		{02702B89-16EA-4CC1-85F4-6CD7E2790DEC}.Debug2019|x64.Build.0 = Debug2019|x64
		{02702B89-16EA-4CC1-85F4-6CD7E2790DEC}.Debug2020|Any CPU.ActiveCfg = Debug2020|x64
		{02702B89-16EA-4CC1-85F4-6CD7E2790DEC}.Debug2020|x64.ActiveCfg = Debug2020|x64
		{02702B89-16EA-4CC1-85F4-6CD7E2790DEC}.Debug2020|x64.Build.0 = Debug2020|x64
		{02702B89-16EA-4CC1-85F4-6CD7E2790DEC}.Debug2021|Any CPU.ActiveCfg = Debug2021|x64
		{02702B89-16EA-4CC1-85F4-6CD7E2790DEC}.Debug2021|x64.ActiveCfg = Debug2021|x64
		{02702B89-16EA-4CC1-85F4-6CD7E2790DEC}.Debug2021|x64.Build.0 = Debug2021|x64
		{02702B89-16EA-4CC1-85F4-6CD7E2790DEC}.Release|Any CPU.ActiveCfg = Release2021|x64
		{02702B89-16EA-4CC1-85F4-6CD7E2790DEC}.Release|Any CPU.Build.0 = Release2021|x64
		{02702B89-16EA-4CC1-85F4-6CD7E2790DEC}.Release|x64.ActiveCfg = Release2021|x64
		{02702B89-16EA-4CC1-85F4-6CD7E2790DEC}.Release|x64.Build.0 = Release2021|x64
		{02702B89-16EA-4CC1-85F4-6CD7E2790DEC}.Release2018|Any CPU.ActiveCfg = Release2018|x64
		{02702B89-16EA-4CC1-85F4-6CD7E2790DEC}.Release2018|x64.ActiveCfg = Release2018|x64
		{02702B89-16EA-4CC1-85F4-6CD7E2790DEC}.Release2018|x64.Build.0 = Release2018|x64
		{02702B89-16EA-4CC1-85F4-6CD7E2790DEC}.Release2019|Any CPU.ActiveCfg = Release2019|x64
		{02702B89-16EA-4CC1-85F4-6CD7E2790DEC}.Release2019|x64.ActiveCfg = Release2019|x64
		{02702B89-16EA-4CC1-85F4-6CD7E2790DEC}.Release2019|x64.Build.0 = Release2019|x64
		{02702B89-16EA-4CC1-85F4-6CD7E2790DEC}.Release2020|Any CPU.ActiveCfg = Release2020|x64
		{02702B89-16EA-4CC1-85F4-6CD7E2790DEC}.Release2020|x64.ActiveCfg = Release2020|x64
		{02702B89-16EA-4CC1-85F4-6CD7E2790DEC}.Release2020|x64.Build.0 = Release2020|x64
		{02702B89-16EA-4CC1-85F4-6CD7E2790DEC}.Release2021|Any CPU.ActiveCfg = Release2021|x64
		{02702B89-16EA-4CC1-85F4-6CD7E2790DEC}.Release2021|x64.ActiveCfg = Release2021|x64
		{02702B89-16EA-4CC1-85F4-6CD7E2790DEC}.Release2021|x64.Build.0 = Release2021|x64
		{2545888F-1273-45C6-81FA-AA06DA6F8D11}.Debug|Any CPU.ActiveCfg = Debug|Any CPU
		{2545888F-1273-45C6-81FA-AA06DA6F8D11}.Debug|Any CPU.Build.0 = Debug|Any CPU
		{2545888F-1273-45C6-81FA-AA06DA6F8D11}.Debug|x64.ActiveCfg = Debug|Any CPU
		{2545888F-1273-45C6-81FA-AA06DA6F8D11}.Debug|x64.Build.0 = Debug|Any CPU
		{2545888F-1273-45C6-81FA-AA06DA6F8D11}.Debug2018|Any CPU.ActiveCfg = Debug|Any CPU
		{2545888F-1273-45C6-81FA-AA06DA6F8D11}.Debug2018|Any CPU.Build.0 = Debug|Any CPU
		{2545888F-1273-45C6-81FA-AA06DA6F8D11}.Debug2018|x64.ActiveCfg = Debug|Any CPU
		{2545888F-1273-45C6-81FA-AA06DA6F8D11}.Debug2018|x64.Build.0 = Debug|Any CPU
		{2545888F-1273-45C6-81FA-AA06DA6F8D11}.Debug2019|Any CPU.ActiveCfg = Debug|Any CPU
		{2545888F-1273-45C6-81FA-AA06DA6F8D11}.Debug2019|Any CPU.Build.0 = Debug|Any CPU
		{2545888F-1273-45C6-81FA-AA06DA6F8D11}.Debug2019|x64.ActiveCfg = Debug|Any CPU
		{2545888F-1273-45C6-81FA-AA06DA6F8D11}.Debug2019|x64.Build.0 = Debug|Any CPU
		{2545888F-1273-45C6-81FA-AA06DA6F8D11}.Debug2020|Any CPU.ActiveCfg = Debug|Any CPU
		{2545888F-1273-45C6-81FA-AA06DA6F8D11}.Debug2020|Any CPU.Build.0 = Debug|Any CPU
		{2545888F-1273-45C6-81FA-AA06DA6F8D11}.Debug2020|x64.ActiveCfg = Debug|Any CPU
		{2545888F-1273-45C6-81FA-AA06DA6F8D11}.Debug2020|x64.Build.0 = Debug|Any CPU
		{2545888F-1273-45C6-81FA-AA06DA6F8D11}.Debug2021|Any CPU.ActiveCfg = Debug|Any CPU
		{2545888F-1273-45C6-81FA-AA06DA6F8D11}.Debug2021|Any CPU.Build.0 = Debug|Any CPU
		{2545888F-1273-45C6-81FA-AA06DA6F8D11}.Debug2021|x64.ActiveCfg = Debug|Any CPU
		{2545888F-1273-45C6-81FA-AA06DA6F8D11}.Debug2021|x64.Build.0 = Debug|Any CPU
		{2545888F-1273-45C6-81FA-AA06DA6F8D11}.Release|Any CPU.ActiveCfg = Release|Any CPU
		{2545888F-1273-45C6-81FA-AA06DA6F8D11}.Release|Any CPU.Build.0 = Release|Any CPU
		{2545888F-1273-45C6-81FA-AA06DA6F8D11}.Release|x64.ActiveCfg = Release|Any CPU
		{2545888F-1273-45C6-81FA-AA06DA6F8D11}.Release|x64.Build.0 = Release|Any CPU
		{2545888F-1273-45C6-81FA-AA06DA6F8D11}.Release2018|Any CPU.ActiveCfg = Release|Any CPU
		{2545888F-1273-45C6-81FA-AA06DA6F8D11}.Release2018|Any CPU.Build.0 = Release|Any CPU
		{2545888F-1273-45C6-81FA-AA06DA6F8D11}.Release2018|x64.ActiveCfg = Release|Any CPU
		{2545888F-1273-45C6-81FA-AA06DA6F8D11}.Release2018|x64.Build.0 = Release|Any CPU
		{2545888F-1273-45C6-81FA-AA06DA6F8D11}.Release2019|Any CPU.ActiveCfg = Release|Any CPU
		{2545888F-1273-45C6-81FA-AA06DA6F8D11}.Release2019|Any CPU.Build.0 = Release|Any CPU
		{2545888F-1273-45C6-81FA-AA06DA6F8D11}.Release2019|x64.ActiveCfg = Release|Any CPU
		{2545888F-1273-45C6-81FA-AA06DA6F8D11}.Release2019|x64.Build.0 = Release|Any CPU
		{2545888F-1273-45C6-81FA-AA06DA6F8D11}.Release2020|Any CPU.ActiveCfg = Release|Any CPU
		{2545888F-1273-45C6-81FA-AA06DA6F8D11}.Release2020|Any CPU.Build.0 = Release|Any CPU
		{2545888F-1273-45C6-81FA-AA06DA6F8D11}.Release2020|x64.ActiveCfg = Release|Any CPU
		{2545888F-1273-45C6-81FA-AA06DA6F8D11}.Release2020|x64.Build.0 = Release|Any CPU
		{2545888F-1273-45C6-81FA-AA06DA6F8D11}.Release2021|Any CPU.ActiveCfg = Release|Any CPU
		{2545888F-1273-45C6-81FA-AA06DA6F8D11}.Release2021|Any CPU.Build.0 = Release|Any CPU
		{2545888F-1273-45C6-81FA-AA06DA6F8D11}.Release2021|x64.ActiveCfg = Release|Any CPU
		{2545888F-1273-45C6-81FA-AA06DA6F8D11}.Release2021|x64.Build.0 = Release|Any CPU
	EndGlobalSection
	GlobalSection(SolutionProperties) = preSolution
		HideSolutionNode = FALSE
	EndGlobalSection
	GlobalSection(ExtensibilityGlobals) = postSolution
		SolutionGuid = {4DE0B983-F592-49B4-BBC0-47E2CA772E0B}
	EndGlobalSection
EndGlobal
