
Microsoft Visual Studio Solution File, Format Version 12.00
# Visual Studio Version 17
VisualStudioVersion = 17.0.32126.317
MinimumVisualStudioVersion = 10.0.40219.1
Project("{FAE04EC0-301F-11D3-BF4B-00C04F79EFBC}") = "Revit.TestRunner", "Revit.TestRunner\Revit.TestRunner.csproj", "{57F89DD4-FB6A-44C2-BB8E-EEE35896F70A}"
EndProject
Project("{9A19103F-16F7-4668-BE54-9A1E7A4F7556}") = "Revit.TestRunner.Shared", "Revit.TestRunner.Shared\Revit.TestRunner.Shared.csproj", "{2545888F-1273-45C6-81FA-AA06DA6F8D11}"
EndProject
Project("{9A19103F-16F7-4668-BE54-9A1E7A4F7556}") = "Revit.TestRunner.Console", "Revit.TestRunner.Console\Revit.TestRunner.Console.csproj", "{4502F653-B8BB-4ECC-8EEA-27DAD1B11AE6}"
EndProject
Project("{2150E333-8FDC-42A3-9474-1A3956D46DE8}") = "1 Addin", "1 Addin", "{D66CADF3-2476-4F16-9A1A-CD15E5640776}"
EndProject
Project("{2150E333-8FDC-42A3-9474-1A3956D46DE8}") = "2 Client", "2 Client", "{47CA085D-3027-4285-A67C-7983014D4BD2}"
EndProject
Project("{2150E333-8FDC-42A3-9474-1A3956D46DE8}") = "5 Shared", "5 Shared", "{FCE40372-4176-4113-9A89-62D806DF7851}"
EndProject
Project("{2150E333-8FDC-42A3-9474-1A3956D46DE8}") = "9 Test", "9 Test", "{D9A14288-2043-49D0-AFA0-723606D50BEF}"
EndProject
Project("{9A19103F-16F7-4668-BE54-9A1E7A4F7556}") = "Revit.TestRunner.App", "Revit.TestRunner.App\Revit.TestRunner.App.csproj", "{BD6FDDFD-09FC-442C-81BB-9918EF7F4096}"
EndProject
Project("{9A19103F-16F7-4668-BE54-9A1E7A4F7556}") = "Revit.TestRunner.Test", "Revit.TestRunner.Test\Revit.TestRunner.Test.csproj", "{6692C6E7-A750-48A1-9980-D6C2CE8B3E60}"
EndProject
Project("{FAE04EC0-301F-11D3-BF4B-00C04F79EFBC}") = "Revit.TestRunner.SampleTestProject2", "Revit.TestRunner.SampleTestProject2\Revit.TestRunner.SampleTestProject2.csproj", "{C797887E-E708-4F53-B1B8-B1D28FC24C8B}"
EndProject
Global
	GlobalSection(SolutionConfigurationPlatforms) = preSolution
		Debug2020|x64 = Debug2020|x64
		Debug2021|x64 = Debug2021|x64
		Debug2022|x64 = Debug2022|x64
		Debug2023|x64 = Debug2023|x64
		Release2020|x64 = Release2020|x64
		Release2021|x64 = Release2021|x64
		Release2022|x64 = Release2022|x64
		Release2023|x64 = Release2023|x64
	EndGlobalSection
	GlobalSection(ProjectConfigurationPlatforms) = postSolution
		{57F89DD4-FB6A-44C2-BB8E-EEE35896F70A}.Debug2020|x64.ActiveCfg = Debug2020|x64
		{57F89DD4-FB6A-44C2-BB8E-EEE35896F70A}.Debug2020|x64.Build.0 = Debug2020|x64
		{57F89DD4-FB6A-44C2-BB8E-EEE35896F70A}.Debug2021|x64.ActiveCfg = Debug2021|x64
		{57F89DD4-FB6A-44C2-BB8E-EEE35896F70A}.Debug2021|x64.Build.0 = Debug2021|x64
		{57F89DD4-FB6A-44C2-BB8E-EEE35896F70A}.Debug2022|x64.ActiveCfg = Debug2022|x64
		{57F89DD4-FB6A-44C2-BB8E-EEE35896F70A}.Debug2022|x64.Build.0 = Debug2022|x64
		{57F89DD4-FB6A-44C2-BB8E-EEE35896F70A}.Debug2023|x64.ActiveCfg = Debug2023|x64
		{57F89DD4-FB6A-44C2-BB8E-EEE35896F70A}.Debug2023|x64.Build.0 = Debug2023|x64
		{57F89DD4-FB6A-44C2-BB8E-EEE35896F70A}.Release2020|x64.ActiveCfg = Release2020|x64
		{57F89DD4-FB6A-44C2-BB8E-EEE35896F70A}.Release2020|x64.Build.0 = Release2020|x64
		{57F89DD4-FB6A-44C2-BB8E-EEE35896F70A}.Release2021|x64.ActiveCfg = Release2021|x64
		{57F89DD4-FB6A-44C2-BB8E-EEE35896F70A}.Release2021|x64.Build.0 = Release2021|x64
		{57F89DD4-FB6A-44C2-BB8E-EEE35896F70A}.Release2022|x64.ActiveCfg = Release2022|x64
		{57F89DD4-FB6A-44C2-BB8E-EEE35896F70A}.Release2022|x64.Build.0 = Release2022|x64
		{57F89DD4-FB6A-44C2-BB8E-EEE35896F70A}.Release2023|x64.ActiveCfg = Release2023|x64
		{57F89DD4-FB6A-44C2-BB8E-EEE35896F70A}.Release2023|x64.Build.0 = Release2023|x64
		{2545888F-1273-45C6-81FA-AA06DA6F8D11}.Debug2020|x64.ActiveCfg = Debug|x64
		{2545888F-1273-45C6-81FA-AA06DA6F8D11}.Debug2020|x64.Build.0 = Debug|x64
		{2545888F-1273-45C6-81FA-AA06DA6F8D11}.Debug2021|x64.ActiveCfg = Debug|x64
		{2545888F-1273-45C6-81FA-AA06DA6F8D11}.Debug2021|x64.Build.0 = Debug|x64
		{2545888F-1273-45C6-81FA-AA06DA6F8D11}.Debug2022|x64.ActiveCfg = Debug|x64
		{2545888F-1273-45C6-81FA-AA06DA6F8D11}.Debug2022|x64.Build.0 = Debug|x64
		{2545888F-1273-45C6-81FA-AA06DA6F8D11}.Debug2023|x64.ActiveCfg = Debug|x64
		{2545888F-1273-45C6-81FA-AA06DA6F8D11}.Debug2023|x64.Build.0 = Debug|x64
		{2545888F-1273-45C6-81FA-AA06DA6F8D11}.Release2020|x64.ActiveCfg = Release|x64
		{2545888F-1273-45C6-81FA-AA06DA6F8D11}.Release2020|x64.Build.0 = Release|x64
		{2545888F-1273-45C6-81FA-AA06DA6F8D11}.Release2021|x64.ActiveCfg = Release|x64
		{2545888F-1273-45C6-81FA-AA06DA6F8D11}.Release2021|x64.Build.0 = Release|x64
		{2545888F-1273-45C6-81FA-AA06DA6F8D11}.Release2022|x64.ActiveCfg = Release|x64
		{2545888F-1273-45C6-81FA-AA06DA6F8D11}.Release2022|x64.Build.0 = Release|x64
		{2545888F-1273-45C6-81FA-AA06DA6F8D11}.Release2023|x64.ActiveCfg = Release|x64
		{2545888F-1273-45C6-81FA-AA06DA6F8D11}.Release2023|x64.Build.0 = Release|x64
		{4502F653-B8BB-4ECC-8EEA-27DAD1B11AE6}.Debug2020|x64.ActiveCfg = Debug|x64
		{4502F653-B8BB-4ECC-8EEA-27DAD1B11AE6}.Debug2020|x64.Build.0 = Debug|x64
		{4502F653-B8BB-4ECC-8EEA-27DAD1B11AE6}.Debug2021|x64.ActiveCfg = Debug|x64
		{4502F653-B8BB-4ECC-8EEA-27DAD1B11AE6}.Debug2021|x64.Build.0 = Debug|x64
		{4502F653-B8BB-4ECC-8EEA-27DAD1B11AE6}.Debug2022|x64.ActiveCfg = Debug|x64
		{4502F653-B8BB-4ECC-8EEA-27DAD1B11AE6}.Debug2022|x64.Build.0 = Debug|x64
		{4502F653-B8BB-4ECC-8EEA-27DAD1B11AE6}.Debug2023|x64.ActiveCfg = Debug|x64
		{4502F653-B8BB-4ECC-8EEA-27DAD1B11AE6}.Debug2023|x64.Build.0 = Debug|x64
		{4502F653-B8BB-4ECC-8EEA-27DAD1B11AE6}.Release2020|x64.ActiveCfg = Release|x64
		{4502F653-B8BB-4ECC-8EEA-27DAD1B11AE6}.Release2020|x64.Build.0 = Release|x64
		{4502F653-B8BB-4ECC-8EEA-27DAD1B11AE6}.Release2021|x64.ActiveCfg = Release|x64
		{4502F653-B8BB-4ECC-8EEA-27DAD1B11AE6}.Release2021|x64.Build.0 = Release|x64
		{4502F653-B8BB-4ECC-8EEA-27DAD1B11AE6}.Release2022|x64.ActiveCfg = Release|x64
		{4502F653-B8BB-4ECC-8EEA-27DAD1B11AE6}.Release2022|x64.Build.0 = Release|x64
		{4502F653-B8BB-4ECC-8EEA-27DAD1B11AE6}.Release2023|x64.ActiveCfg = Release|x64
		{4502F653-B8BB-4ECC-8EEA-27DAD1B11AE6}.Release2023|x64.Build.0 = Release|x64
		{BD6FDDFD-09FC-442C-81BB-9918EF7F4096}.Debug2020|x64.ActiveCfg = Debug|x64
		{BD6FDDFD-09FC-442C-81BB-9918EF7F4096}.Debug2020|x64.Build.0 = Debug|x64
		{BD6FDDFD-09FC-442C-81BB-9918EF7F4096}.Debug2021|x64.ActiveCfg = Debug|x64
		{BD6FDDFD-09FC-442C-81BB-9918EF7F4096}.Debug2021|x64.Build.0 = Debug|x64
		{BD6FDDFD-09FC-442C-81BB-9918EF7F4096}.Debug2022|x64.ActiveCfg = Debug|x64
		{BD6FDDFD-09FC-442C-81BB-9918EF7F4096}.Debug2022|x64.Build.0 = Debug|x64
		{BD6FDDFD-09FC-442C-81BB-9918EF7F4096}.Debug2023|x64.ActiveCfg = Debug|x64
		{BD6FDDFD-09FC-442C-81BB-9918EF7F4096}.Debug2023|x64.Build.0 = Debug|x64
		{BD6FDDFD-09FC-442C-81BB-9918EF7F4096}.Release2020|x64.ActiveCfg = Release|x64
		{BD6FDDFD-09FC-442C-81BB-9918EF7F4096}.Release2020|x64.Build.0 = Release|x64
		{BD6FDDFD-09FC-442C-81BB-9918EF7F4096}.Release2021|x64.ActiveCfg = Release|x64
		{BD6FDDFD-09FC-442C-81BB-9918EF7F4096}.Release2021|x64.Build.0 = Release|x64
		{BD6FDDFD-09FC-442C-81BB-9918EF7F4096}.Release2022|x64.ActiveCfg = Release|x64
		{BD6FDDFD-09FC-442C-81BB-9918EF7F4096}.Release2022|x64.Build.0 = Release|x64
		{BD6FDDFD-09FC-442C-81BB-9918EF7F4096}.Release2023|x64.ActiveCfg = Release|x64
		{BD6FDDFD-09FC-442C-81BB-9918EF7F4096}.Release2023|x64.Build.0 = Release|x64
		{6692C6E7-A750-48A1-9980-D6C2CE8B3E60}.Debug2020|x64.ActiveCfg = Debug|x64
		{6692C6E7-A750-48A1-9980-D6C2CE8B3E60}.Debug2020|x64.Build.0 = Debug|x64
		{6692C6E7-A750-48A1-9980-D6C2CE8B3E60}.Debug2021|x64.ActiveCfg = Debug|x64
		{6692C6E7-A750-48A1-9980-D6C2CE8B3E60}.Debug2021|x64.Build.0 = Debug|x64
		{6692C6E7-A750-48A1-9980-D6C2CE8B3E60}.Debug2022|x64.ActiveCfg = Debug|x64
		{6692C6E7-A750-48A1-9980-D6C2CE8B3E60}.Debug2022|x64.Build.0 = Debug|x64
		{6692C6E7-A750-48A1-9980-D6C2CE8B3E60}.Debug2023|x64.ActiveCfg = Debug|x64
		{6692C6E7-A750-48A1-9980-D6C2CE8B3E60}.Debug2023|x64.Build.0 = Debug|x64
		{6692C6E7-A750-48A1-9980-D6C2CE8B3E60}.Release2020|x64.ActiveCfg = Release|x64
		{6692C6E7-A750-48A1-9980-D6C2CE8B3E60}.Release2020|x64.Build.0 = Release|x64
		{6692C6E7-A750-48A1-9980-D6C2CE8B3E60}.Release2021|x64.ActiveCfg = Release|x64
		{6692C6E7-A750-48A1-9980-D6C2CE8B3E60}.Release2021|x64.Build.0 = Release|x64
		{6692C6E7-A750-48A1-9980-D6C2CE8B3E60}.Release2022|x64.ActiveCfg = Release|x64
		{6692C6E7-A750-48A1-9980-D6C2CE8B3E60}.Release2022|x64.Build.0 = Release|x64
		{6692C6E7-A750-48A1-9980-D6C2CE8B3E60}.Release2023|x64.ActiveCfg = Release|x64
		{6692C6E7-A750-48A1-9980-D6C2CE8B3E60}.Release2023|x64.Build.0 = Release|x64
		{C797887E-E708-4F53-B1B8-B1D28FC24C8B}.Debug2020|x64.ActiveCfg = Debug2020|x64
		{C797887E-E708-4F53-B1B8-B1D28FC24C8B}.Debug2020|x64.Build.0 = Debug2020|x64
		{C797887E-E708-4F53-B1B8-B1D28FC24C8B}.Debug2021|x64.ActiveCfg = Debug2021|x64
		{C797887E-E708-4F53-B1B8-B1D28FC24C8B}.Debug2021|x64.Build.0 = Debug2021|x64
		{C797887E-E708-4F53-B1B8-B1D28FC24C8B}.Debug2022|x64.ActiveCfg = Debug2022|x64
		{C797887E-E708-4F53-B1B8-B1D28FC24C8B}.Debug2022|x64.Build.0 = Debug2022|x64
		{C797887E-E708-4F53-B1B8-B1D28FC24C8B}.Debug2023|x64.ActiveCfg = Debug2023|x64
		{C797887E-E708-4F53-B1B8-B1D28FC24C8B}.Debug2023|x64.Build.0 = Debug2023|x64
		{C797887E-E708-4F53-B1B8-B1D28FC24C8B}.Release2020|x64.ActiveCfg = Release2020|x64
		{C797887E-E708-4F53-B1B8-B1D28FC24C8B}.Release2020|x64.Build.0 = Release2020|x64
		{C797887E-E708-4F53-B1B8-B1D28FC24C8B}.Release2021|x64.ActiveCfg = Release2021|x64
		{C797887E-E708-4F53-B1B8-B1D28FC24C8B}.Release2021|x64.Build.0 = Release2021|x64
		{C797887E-E708-4F53-B1B8-B1D28FC24C8B}.Release2022|x64.ActiveCfg = Release2022|x64
		{C797887E-E708-4F53-B1B8-B1D28FC24C8B}.Release2022|x64.Build.0 = Release2022|x64
		{C797887E-E708-4F53-B1B8-B1D28FC24C8B}.Release2023|x64.ActiveCfg = Release2023|x64
		{C797887E-E708-4F53-B1B8-B1D28FC24C8B}.Release2023|x64.Build.0 = Release2023|x64
	EndGlobalSection
	GlobalSection(SolutionProperties) = preSolution
		HideSolutionNode = FALSE
	EndGlobalSection
	GlobalSection(NestedProjects) = preSolution
		{57F89DD4-FB6A-44C2-BB8E-EEE35896F70A} = {D66CADF3-2476-4F16-9A1A-CD15E5640776}
		{2545888F-1273-45C6-81FA-AA06DA6F8D11} = {FCE40372-4176-4113-9A89-62D806DF7851}
		{4502F653-B8BB-4ECC-8EEA-27DAD1B11AE6} = {47CA085D-3027-4285-A67C-7983014D4BD2}
		{BD6FDDFD-09FC-442C-81BB-9918EF7F4096} = {47CA085D-3027-4285-A67C-7983014D4BD2}
		{6692C6E7-A750-48A1-9980-D6C2CE8B3E60} = {D9A14288-2043-49D0-AFA0-723606D50BEF}
		{C797887E-E708-4F53-B1B8-B1D28FC24C8B} = {D9A14288-2043-49D0-AFA0-723606D50BEF}
	EndGlobalSection
	GlobalSection(ExtensibilityGlobals) = postSolution
		SolutionGuid = {4DE0B983-F592-49B4-BBC0-47E2CA772E0B}
	EndGlobalSection
EndGlobal
